
Microsoft Visual Studio Solution File, Format Version 12.00
# Visual Studio Version 16
VisualStudioVersion = 16.0.29613.14
MinimumVisualStudioVersion = 10.0.40219.1
Project("{FAE04EC0-301F-11D3-BF4B-00C04F79EFBC}") = "Blocks", "Blocks.csproj", "{14B7E64B-C89D-42AB-A9E6-688551496F93}"
EndProject
Project("{FAE04EC0-301F-11D3-BF4B-00C04F79EFBC}") = "Blocks.Tests", "..\Blocks.Tests\Blocks.Tests.csproj", "{C4DB44C0-900C-4A18-AE40-5B38CA415ED8}"
EndProject
Global
	GlobalSection(SolutionConfigurationPlatforms) = preSolution
		Debug|Any CPU = Debug|Any CPU
		Release|Any CPU = Release|Any CPU
	EndGlobalSection
	GlobalSection(ProjectConfigurationPlatforms) = postSolution
		{14B7E64B-C89D-42AB-A9E6-688551496F93}.Debug|Any CPU.ActiveCfg = Debug|Any CPU
		{14B7E64B-C89D-42AB-A9E6-688551496F93}.Debug|Any CPU.Build.0 = Debug|Any CPU
		{14B7E64B-C89D-42AB-A9E6-688551496F93}.Release|Any CPU.ActiveCfg = Release|Any CPU
		{14B7E64B-C89D-42AB-A9E6-688551496F93}.Release|Any CPU.Build.0 = Release|Any CPU
		{C4DB44C0-900C-4A18-AE40-5B38CA415ED8}.Debug|Any CPU.ActiveCfg = Debug|Any CPU
		{C4DB44C0-900C-4A18-AE40-5B38CA415ED8}.Debug|Any CPU.Build.0 = Debug|Any CPU
		{C4DB44C0-900C-4A18-AE40-5B38CA415ED8}.Release|Any CPU.ActiveCfg = Release|Any CPU
		{C4DB44C0-900C-4A18-AE40-5B38CA415ED8}.Release|Any CPU.Build.0 = Release|Any CPU
	EndGlobalSection
	GlobalSection(SolutionProperties) = preSolution
		HideSolutionNode = FALSE
	EndGlobalSection
	GlobalSection(ExtensibilityGlobals) = postSolution
		SolutionGuid = {776A066B-E2D8-4B13-B9BB-A4AE5BAC2D64}
	EndGlobalSection
EndGlobal
